
Microsoft Visual Studio Solution File, Format Version 12.00
# Visual Studio Version 17
VisualStudioVersion = 17.4.33205.214
MinimumVisualStudioVersion = 10.0.40219.1
Project("{FAE04EC0-301F-11D3-BF4B-00C04F79EFBC}") = "App", "App.csproj", "{69484851-852B-42E0-8FF6-54EEA0BD51D8}"
EndProject
Project("{54435603-DBB4-11D2-8724-00A0C9A8B90C}") = "YOLO Paneli", "..\YOLO Paneli\YOLO Paneli.vdproj", "{223AA956-A116-431E-B75A-6470E87929A6}"
EndProject
Global
	GlobalSection(SolutionConfigurationPlatforms) = preSolution
		Debug|Any CPU = Debug|Any CPU
		Release|Any CPU = Release|Any CPU
	EndGlobalSection
	GlobalSection(ProjectConfigurationPlatforms) = postSolution
		{69484851-852B-42E0-8FF6-54EEA0BD51D8}.Debug|Any CPU.ActiveCfg = Debug|Any CPU
		{69484851-852B-42E0-8FF6-54EEA0BD51D8}.Release|Any CPU.ActiveCfg = Release|Any CPU
		{69484851-852B-42E0-8FF6-54EEA0BD51D8}.Release|Any CPU.Build.0 = Release|Any CPU
		{223AA956-A116-431E-B75A-6470E87929A6}.Debug|Any CPU.ActiveCfg = Debug
		{223AA956-A116-431E-B75A-6470E87929A6}.Release|Any CPU.ActiveCfg = Release
	EndGlobalSection
	GlobalSection(SolutionProperties) = preSolution
		HideSolutionNode = FALSE
	EndGlobalSection
	GlobalSection(ExtensibilityGlobals) = postSolution
		SolutionGuid = {C5ACC047-1F72-497F-81AF-B58B4045D2BF}
	EndGlobalSection
EndGlobal
